// !$*UTF8*$!
{
	archiveVersion = 1;
	classes = {
	};
	objectVersion = 52;
	objects = {

/* Begin PBXBuildFile section */
		0172C1F5277E377300D3D29B /* AppDelegate.swift in Sources */ = {isa = PBXBuildFile; fileRef = 0172C1F4277E377300D3D29B /* AppDelegate.swift */; };
		0172C1F7277E377300D3D29B /* SceneDelegate.swift in Sources */ = {isa = PBXBuildFile; fileRef = 0172C1F6277E377300D3D29B /* SceneDelegate.swift */; };
		0172C1FE277E377400D3D29B /* Assets.xcassets in Resources */ = {isa = PBXBuildFile; fileRef = 0172C1FD277E377400D3D29B /* Assets.xcassets */; };
		0172C201277E377400D3D29B /* LaunchScreen.storyboard in Resources */ = {isa = PBXBuildFile; fileRef = 0172C1FF277E377400D3D29B /* LaunchScreen.storyboard */; };
		0172C20C277E377400D3D29B /* DogsChallengeTests.swift in Sources */ = {isa = PBXBuildFile; fileRef = 0172C20B277E377400D3D29B /* DogsChallengeTests.swift */; };
		0172C217277E377400D3D29B /* DogsChallengeUITests.swift in Sources */ = {isa = PBXBuildFile; fileRef = 0172C216277E377400D3D29B /* DogsChallengeUITests.swift */; };
		0172C226277E37D200D3D29B /* Alamofire in Frameworks */ = {isa = PBXBuildFile; productRef = 0172C225277E37D200D3D29B /* Alamofire */; };
		0172C233277E38CB00D3D29B /* FeedViewController.swift in Sources */ = {isa = PBXBuildFile; fileRef = 0172C232277E38CB00D3D29B /* FeedViewController.swift */; };
		0172C238277E3C9B00D3D29B /* Coordinator.swift in Sources */ = {isa = PBXBuildFile; fileRef = 0172C237277E3C9B00D3D29B /* Coordinator.swift */; };
		0172C23A277E3CEF00D3D29B /* AppCoordinator.swift in Sources */ = {isa = PBXBuildFile; fileRef = 0172C239277E3CEF00D3D29B /* AppCoordinator.swift */; };
		0172C23D277E3EBF00D3D29B /* ViewCodable.swift in Sources */ = {isa = PBXBuildFile; fileRef = 0172C23C277E3EBF00D3D29B /* ViewCodable.swift */; };
		0172C23F277E3FE600D3D29B /* FeedView.swift in Sources */ = {isa = PBXBuildFile; fileRef = 0172C23E277E3FE600D3D29B /* FeedView.swift */; };
		0172C241277E6C5100D3D29B /* ApiRouter.swift in Sources */ = {isa = PBXBuildFile; fileRef = 0172C240277E6C5100D3D29B /* ApiRouter.swift */; };
		0172C244277E713B00D3D29B /* Breed.swift in Sources */ = {isa = PBXBuildFile; fileRef = 0172C243277E713B00D3D29B /* Breed.swift */; };
		0172C246277E733200D3D29B /* ApiError.swift in Sources */ = {isa = PBXBuildFile; fileRef = 0172C245277E733200D3D29B /* ApiError.swift */; };
		0172C248277E738700D3D29B /* ApiClient.swift in Sources */ = {isa = PBXBuildFile; fileRef = 0172C247277E738700D3D29B /* ApiClient.swift */; };
		0172C24A277E7A1300D3D29B /* Environment.swift in Sources */ = {isa = PBXBuildFile; fileRef = 0172C249277E7A1300D3D29B /* Environment.swift */; };
		0172C24D277E844000D3D29B /* TheDogApi.swift in Sources */ = {isa = PBXBuildFile; fileRef = 0172C24C277E844000D3D29B /* TheDogApi.swift */; };
		0172C250277E847200D3D29B /* Reachability.swift in Sources */ = {isa = PBXBuildFile; fileRef = 0172C24F277E847200D3D29B /* Reachability.swift */; };
/* End PBXBuildFile section */

/* Begin PBXContainerItemProxy section */
		0172C208277E377400D3D29B /* PBXContainerItemProxy */ = {
			isa = PBXContainerItemProxy;
			containerPortal = 0172C1E9277E377300D3D29B /* Project object */;
			proxyType = 1;
			remoteGlobalIDString = 0172C1F0277E377300D3D29B;
			remoteInfo = DogsChallenge;
		};
		0172C213277E377400D3D29B /* PBXContainerItemProxy */ = {
			isa = PBXContainerItemProxy;
			containerPortal = 0172C1E9277E377300D3D29B /* Project object */;
			proxyType = 1;
			remoteGlobalIDString = 0172C1F0277E377300D3D29B;
			remoteInfo = DogsChallenge;
		};
/* End PBXContainerItemProxy section */

/* Begin PBXFileReference section */
		0172C1F1277E377300D3D29B /* DogsChallenge.app */ = {isa = PBXFileReference; explicitFileType = wrapper.application; includeInIndex = 0; path = DogsChallenge.app; sourceTree = BUILT_PRODUCTS_DIR; };
		0172C1F4277E377300D3D29B /* AppDelegate.swift */ = {isa = PBXFileReference; lastKnownFileType = sourcecode.swift; path = AppDelegate.swift; sourceTree = "<group>"; };
		0172C1F6277E377300D3D29B /* SceneDelegate.swift */ = {isa = PBXFileReference; lastKnownFileType = sourcecode.swift; path = SceneDelegate.swift; sourceTree = "<group>"; };
		0172C1FD277E377400D3D29B /* Assets.xcassets */ = {isa = PBXFileReference; lastKnownFileType = folder.assetcatalog; path = Assets.xcassets; sourceTree = "<group>"; };
		0172C200277E377400D3D29B /* Base */ = {isa = PBXFileReference; lastKnownFileType = file.storyboard; name = Base; path = Base.lproj/LaunchScreen.storyboard; sourceTree = "<group>"; };
		0172C202277E377400D3D29B /* Info.plist */ = {isa = PBXFileReference; lastKnownFileType = text.plist.xml; path = Info.plist; sourceTree = "<group>"; };
		0172C207277E377400D3D29B /* DogsChallengeTests.xctest */ = {isa = PBXFileReference; explicitFileType = wrapper.cfbundle; includeInIndex = 0; path = DogsChallengeTests.xctest; sourceTree = BUILT_PRODUCTS_DIR; };
		0172C20B277E377400D3D29B /* DogsChallengeTests.swift */ = {isa = PBXFileReference; lastKnownFileType = sourcecode.swift; path = DogsChallengeTests.swift; sourceTree = "<group>"; };
		0172C20D277E377400D3D29B /* Info.plist */ = {isa = PBXFileReference; lastKnownFileType = text.plist.xml; path = Info.plist; sourceTree = "<group>"; };
		0172C212277E377400D3D29B /* DogsChallengeUITests.xctest */ = {isa = PBXFileReference; explicitFileType = wrapper.cfbundle; includeInIndex = 0; path = DogsChallengeUITests.xctest; sourceTree = BUILT_PRODUCTS_DIR; };
		0172C216277E377400D3D29B /* DogsChallengeUITests.swift */ = {isa = PBXFileReference; lastKnownFileType = sourcecode.swift; path = DogsChallengeUITests.swift; sourceTree = "<group>"; };
		0172C218277E377400D3D29B /* Info.plist */ = {isa = PBXFileReference; lastKnownFileType = text.plist.xml; path = Info.plist; sourceTree = "<group>"; };
		0172C232277E38CB00D3D29B /* FeedViewController.swift */ = {isa = PBXFileReference; lastKnownFileType = sourcecode.swift; path = FeedViewController.swift; sourceTree = "<group>"; };
		0172C237277E3C9B00D3D29B /* Coordinator.swift */ = {isa = PBXFileReference; lastKnownFileType = sourcecode.swift; path = Coordinator.swift; sourceTree = "<group>"; };
		0172C239277E3CEF00D3D29B /* AppCoordinator.swift */ = {isa = PBXFileReference; lastKnownFileType = sourcecode.swift; path = AppCoordinator.swift; sourceTree = "<group>"; };
		0172C23C277E3EBF00D3D29B /* ViewCodable.swift */ = {isa = PBXFileReference; lastKnownFileType = sourcecode.swift; path = ViewCodable.swift; sourceTree = "<group>"; };
		0172C23E277E3FE600D3D29B /* FeedView.swift */ = {isa = PBXFileReference; lastKnownFileType = sourcecode.swift; path = FeedView.swift; sourceTree = "<group>"; };
		0172C240277E6C5100D3D29B /* ApiRouter.swift */ = {isa = PBXFileReference; lastKnownFileType = sourcecode.swift; path = ApiRouter.swift; sourceTree = "<group>"; };
		0172C243277E713B00D3D29B /* Breed.swift */ = {isa = PBXFileReference; lastKnownFileType = sourcecode.swift; path = Breed.swift; sourceTree = "<group>"; };
		0172C245277E733200D3D29B /* ApiError.swift */ = {isa = PBXFileReference; lastKnownFileType = sourcecode.swift; path = ApiError.swift; sourceTree = "<group>"; };
		0172C247277E738700D3D29B /* ApiClient.swift */ = {isa = PBXFileReference; lastKnownFileType = sourcecode.swift; path = ApiClient.swift; sourceTree = "<group>"; };
		0172C249277E7A1300D3D29B /* Environment.swift */ = {isa = PBXFileReference; lastKnownFileType = sourcecode.swift; path = Environment.swift; sourceTree = "<group>"; };
		0172C24C277E844000D3D29B /* TheDogApi.swift */ = {isa = PBXFileReference; lastKnownFileType = sourcecode.swift; path = TheDogApi.swift; sourceTree = "<group>"; };
		0172C24F277E847200D3D29B /* Reachability.swift */ = {isa = PBXFileReference; lastKnownFileType = sourcecode.swift; path = Reachability.swift; sourceTree = "<group>"; };
/* End PBXFileReference section */

/* Begin PBXFrameworksBuildPhase section */
		0172C1EE277E377300D3D29B /* Frameworks */ = {
			isa = PBXFrameworksBuildPhase;
			buildActionMask = 2147483647;
			files = (
				0172C226277E37D200D3D29B /* Alamofire in Frameworks */,
			);
			runOnlyForDeploymentPostprocessing = 0;
		};
		0172C204277E377400D3D29B /* Frameworks */ = {
			isa = PBXFrameworksBuildPhase;
			buildActionMask = 2147483647;
			files = (
			);
			runOnlyForDeploymentPostprocessing = 0;
		};
		0172C20F277E377400D3D29B /* Frameworks */ = {
			isa = PBXFrameworksBuildPhase;
			buildActionMask = 2147483647;
			files = (
			);
			runOnlyForDeploymentPostprocessing = 0;
		};
/* End PBXFrameworksBuildPhase section */

/* Begin PBXGroup section */
		0172C1E8277E377300D3D29B = {
			isa = PBXGroup;
			children = (
				0172C1F3277E377300D3D29B /* DogsChallenge */,
				0172C20A277E377400D3D29B /* DogsChallengeTests */,
				0172C215277E377400D3D29B /* DogsChallengeUITests */,
				0172C1F2277E377300D3D29B /* Products */,
			);
			sourceTree = "<group>";
		};
		0172C1F2277E377300D3D29B /* Products */ = {
			isa = PBXGroup;
			children = (
				0172C1F1277E377300D3D29B /* DogsChallenge.app */,
				0172C207277E377400D3D29B /* DogsChallengeTests.xctest */,
				0172C212277E377400D3D29B /* DogsChallengeUITests.xctest */,
			);
			name = Products;
			sourceTree = "<group>";
		};
		0172C1F3277E377300D3D29B /* DogsChallenge */ = {
			isa = PBXGroup;
			children = (
				0172C22E277E385200D3D29B /* Sources */,
				0172C22D277E380F00D3D29B /* Resources */,
			);
			path = DogsChallenge;
			sourceTree = "<group>";
		};
		0172C20A277E377400D3D29B /* DogsChallengeTests */ = {
			isa = PBXGroup;
			children = (
				0172C20B277E377400D3D29B /* DogsChallengeTests.swift */,
				0172C20D277E377400D3D29B /* Info.plist */,
			);
			path = DogsChallengeTests;
			sourceTree = "<group>";
		};
		0172C215277E377400D3D29B /* DogsChallengeUITests */ = {
			isa = PBXGroup;
			children = (
				0172C216277E377400D3D29B /* DogsChallengeUITests.swift */,
				0172C218277E377400D3D29B /* Info.plist */,
			);
			path = DogsChallengeUITests;
			sourceTree = "<group>";
		};
		0172C227277E37E400D3D29B /* Application */ = {
			isa = PBXGroup;
			children = (
				0172C1F4277E377300D3D29B /* AppDelegate.swift */,
				0172C1F6277E377300D3D29B /* SceneDelegate.swift */,
			);
			path = Application;
			sourceTree = "<group>";
		};
		0172C228277E37ED00D3D29B /* Networking */ = {
			isa = PBXGroup;
			children = (
				0172C242277E712D00D3D29B /* Models */,
				0172C240277E6C5100D3D29B /* ApiRouter.swift */,
				0172C245277E733200D3D29B /* ApiError.swift */,
				0172C247277E738700D3D29B /* ApiClient.swift */,
				0172C24C277E844000D3D29B /* TheDogApi.swift */,
				0172C24F277E847200D3D29B /* Reachability.swift */,
			);
			path = Networking;
			sourceTree = "<group>";
		};
		0172C229277E37F500D3D29B /* Features */ = {
			isa = PBXGroup;
			children = (
				0172C22F277E38A000D3D29B /* Feed */,
				0172C230277E38A400D3D29B /* Search */,
			);
			path = Features;
			sourceTree = "<group>";
		};
		0172C22A277E37F900D3D29B /* Core */ = {
			isa = PBXGroup;
			children = (
				0172C235277E3C8300D3D29B /* Coordinator */,
				0172C251277E94B300D3D29B /* Environment */,
				0172C236277E3C8D00D3D29B /* Extensions */,
				0172C23B277E3EA800D3D29B /* ViewCode */,
			);
			path = Core;
			sourceTree = "<group>";
		};
		0172C22D277E380F00D3D29B /* Resources */ = {
			isa = PBXGroup;
			children = (
				0172C202277E377400D3D29B /* Info.plist */,
				0172C1FF277E377400D3D29B /* LaunchScreen.storyboard */,
				0172C1FD277E377400D3D29B /* Assets.xcassets */,
			);
			path = Resources;
			sourceTree = "<group>";
		};
		0172C22E277E385200D3D29B /* Sources */ = {
			isa = PBXGroup;
			children = (
				0172C227277E37E400D3D29B /* Application */,
				0172C22A277E37F900D3D29B /* Core */,
				0172C229277E37F500D3D29B /* Features */,
				0172C228277E37ED00D3D29B /* Networking */,
			);
			path = Sources;
			sourceTree = "<group>";
		};
		0172C22F277E38A000D3D29B /* Feed */ = {
			isa = PBXGroup;
			children = (
				0172C231277E38BD00D3D29B /* Controllers */,
				0172C234277E392300D3D29B /* Views */,
			);
			path = Feed;
			sourceTree = "<group>";
		};
		0172C230277E38A400D3D29B /* Search */ = {
			isa = PBXGroup;
			children = (
			);
			path = Search;
			sourceTree = "<group>";
		};
		0172C231277E38BD00D3D29B /* Controllers */ = {
			isa = PBXGroup;
			children = (
				0172C232277E38CB00D3D29B /* FeedViewController.swift */,
			);
			path = Controllers;
			sourceTree = "<group>";
		};
		0172C234277E392300D3D29B /* Views */ = {
			isa = PBXGroup;
			children = (
				0172C23E277E3FE600D3D29B /* FeedView.swift */,
			);
			path = Views;
			sourceTree = "<group>";
		};
		0172C235277E3C8300D3D29B /* Coordinator */ = {
			isa = PBXGroup;
			children = (
				0172C237277E3C9B00D3D29B /* Coordinator.swift */,
				0172C239277E3CEF00D3D29B /* AppCoordinator.swift */,
			);
			path = Coordinator;
			sourceTree = "<group>";
		};
		0172C236277E3C8D00D3D29B /* Extensions */ = {
			isa = PBXGroup;
			children = (
			);
			path = Extensions;
			sourceTree = "<group>";
		};
		0172C23B277E3EA800D3D29B /* ViewCode */ = {
			isa = PBXGroup;
			children = (
				0172C23C277E3EBF00D3D29B /* ViewCodable.swift */,
			);
			path = ViewCode;
			sourceTree = "<group>";
		};
		0172C242277E712D00D3D29B /* Models */ = {
			isa = PBXGroup;
			children = (
				0172C243277E713B00D3D29B /* Breed.swift */,
			);
			path = Models;
			sourceTree = "<group>";
		};
		0172C251277E94B300D3D29B /* Environment */ = {
			isa = PBXGroup;
			children = (
				0172C249277E7A1300D3D29B /* Environment.swift */,
			);
			path = Environment;
			sourceTree = "<group>";
		};
/* End PBXGroup section */

/* Begin PBXNativeTarget section */
		0172C1F0277E377300D3D29B /* DogsChallenge */ = {
			isa = PBXNativeTarget;
			buildConfigurationList = 0172C21B277E377400D3D29B /* Build configuration list for PBXNativeTarget "DogsChallenge" */;
			buildPhases = (
				0172C1ED277E377300D3D29B /* Sources */,
				0172C1EE277E377300D3D29B /* Frameworks */,
				0172C1EF277E377300D3D29B /* Resources */,
			);
			buildRules = (
			);
			dependencies = (
			);
			name = DogsChallenge;
			packageProductDependencies = (
				0172C225277E37D200D3D29B /* Alamofire */,
			);
			productName = DogsChallenge;
			productReference = 0172C1F1277E377300D3D29B /* DogsChallenge.app */;
			productType = "com.apple.product-type.application";
		};
		0172C206277E377400D3D29B /* DogsChallengeTests */ = {
			isa = PBXNativeTarget;
			buildConfigurationList = 0172C21E277E377400D3D29B /* Build configuration list for PBXNativeTarget "DogsChallengeTests" */;
			buildPhases = (
				0172C203277E377400D3D29B /* Sources */,
				0172C204277E377400D3D29B /* Frameworks */,
				0172C205277E377400D3D29B /* Resources */,
			);
			buildRules = (
			);
			dependencies = (
				0172C209277E377400D3D29B /* PBXTargetDependency */,
			);
			name = DogsChallengeTests;
			productName = DogsChallengeTests;
			productReference = 0172C207277E377400D3D29B /* DogsChallengeTests.xctest */;
			productType = "com.apple.product-type.bundle.unit-test";
		};
		0172C211277E377400D3D29B /* DogsChallengeUITests */ = {
			isa = PBXNativeTarget;
			buildConfigurationList = 0172C221277E377400D3D29B /* Build configuration list for PBXNativeTarget "DogsChallengeUITests" */;
			buildPhases = (
				0172C20E277E377400D3D29B /* Sources */,
				0172C20F277E377400D3D29B /* Frameworks */,
				0172C210277E377400D3D29B /* Resources */,
			);
			buildRules = (
			);
			dependencies = (
				0172C214277E377400D3D29B /* PBXTargetDependency */,
			);
			name = DogsChallengeUITests;
			productName = DogsChallengeUITests;
			productReference = 0172C212277E377400D3D29B /* DogsChallengeUITests.xctest */;
			productType = "com.apple.product-type.bundle.ui-testing";
		};
/* End PBXNativeTarget section */

/* Begin PBXProject section */
		0172C1E9277E377300D3D29B /* Project object */ = {
			isa = PBXProject;
			attributes = {
				LastSwiftUpdateCheck = 1250;
				LastUpgradeCheck = 1250;
				TargetAttributes = {
					0172C1F0277E377300D3D29B = {
						CreatedOnToolsVersion = 12.5;
					};
					0172C206277E377400D3D29B = {
						CreatedOnToolsVersion = 12.5;
						TestTargetID = 0172C1F0277E377300D3D29B;
					};
					0172C211277E377400D3D29B = {
						CreatedOnToolsVersion = 12.5;
						TestTargetID = 0172C1F0277E377300D3D29B;
					};
				};
			};
			buildConfigurationList = 0172C1EC277E377300D3D29B /* Build configuration list for PBXProject "DogsChallenge" */;
			compatibilityVersion = "Xcode 9.3";
			developmentRegion = en;
			hasScannedForEncodings = 0;
			knownRegions = (
				en,
				Base,
			);
			mainGroup = 0172C1E8277E377300D3D29B;
			packageReferences = (
				0172C224277E37D200D3D29B /* XCRemoteSwiftPackageReference "Alamofire" */,
			);
			productRefGroup = 0172C1F2277E377300D3D29B /* Products */;
			projectDirPath = "";
			projectRoot = "";
			targets = (
				0172C1F0277E377300D3D29B /* DogsChallenge */,
				0172C206277E377400D3D29B /* DogsChallengeTests */,
				0172C211277E377400D3D29B /* DogsChallengeUITests */,
			);
		};
/* End PBXProject section */

/* Begin PBXResourcesBuildPhase section */
		0172C1EF277E377300D3D29B /* Resources */ = {
			isa = PBXResourcesBuildPhase;
			buildActionMask = 2147483647;
			files = (
				0172C201277E377400D3D29B /* LaunchScreen.storyboard in Resources */,
				0172C1FE277E377400D3D29B /* Assets.xcassets in Resources */,
			);
			runOnlyForDeploymentPostprocessing = 0;
		};
		0172C205277E377400D3D29B /* Resources */ = {
			isa = PBXResourcesBuildPhase;
			buildActionMask = 2147483647;
			files = (
			);
			runOnlyForDeploymentPostprocessing = 0;
		};
		0172C210277E377400D3D29B /* Resources */ = {
			isa = PBXResourcesBuildPhase;
			buildActionMask = 2147483647;
			files = (
			);
			runOnlyForDeploymentPostprocessing = 0;
		};
/* End PBXResourcesBuildPhase section */

/* Begin PBXSourcesBuildPhase section */
		0172C1ED277E377300D3D29B /* Sources */ = {
			isa = PBXSourcesBuildPhase;
			buildActionMask = 2147483647;
			files = (
				0172C250277E847200D3D29B /* Reachability.swift in Sources */,
				0172C248277E738700D3D29B /* ApiClient.swift in Sources */,
				0172C24A277E7A1300D3D29B /* Environment.swift in Sources */,
				0172C244277E713B00D3D29B /* Breed.swift in Sources */,
				0172C23F277E3FE600D3D29B /* FeedView.swift in Sources */,
				0172C238277E3C9B00D3D29B /* Coordinator.swift in Sources */,
				0172C246277E733200D3D29B /* ApiError.swift in Sources */,
				0172C1F5277E377300D3D29B /* AppDelegate.swift in Sources */,
				0172C23A277E3CEF00D3D29B /* AppCoordinator.swift in Sources */,
				0172C233277E38CB00D3D29B /* FeedViewController.swift in Sources */,
				0172C24D277E844000D3D29B /* TheDogApi.swift in Sources */,
				0172C241277E6C5100D3D29B /* ApiRouter.swift in Sources */,
				0172C1F7277E377300D3D29B /* SceneDelegate.swift in Sources */,
				0172C23D277E3EBF00D3D29B /* ViewCodable.swift in Sources */,
			);
			runOnlyForDeploymentPostprocessing = 0;
		};
		0172C203277E377400D3D29B /* Sources */ = {
			isa = PBXSourcesBuildPhase;
			buildActionMask = 2147483647;
			files = (
				0172C20C277E377400D3D29B /* DogsChallengeTests.swift in Sources */,
			);
			runOnlyForDeploymentPostprocessing = 0;
		};
		0172C20E277E377400D3D29B /* Sources */ = {
			isa = PBXSourcesBuildPhase;
			buildActionMask = 2147483647;
			files = (
				0172C217277E377400D3D29B /* DogsChallengeUITests.swift in Sources */,
			);
			runOnlyForDeploymentPostprocessing = 0;
		};
/* End PBXSourcesBuildPhase section */

/* Begin PBXTargetDependency section */
		0172C209277E377400D3D29B /* PBXTargetDependency */ = {
			isa = PBXTargetDependency;
			target = 0172C1F0277E377300D3D29B /* DogsChallenge */;
			targetProxy = 0172C208277E377400D3D29B /* PBXContainerItemProxy */;
		};
		0172C214277E377400D3D29B /* PBXTargetDependency */ = {
			isa = PBXTargetDependency;
			target = 0172C1F0277E377300D3D29B /* DogsChallenge */;
			targetProxy = 0172C213277E377400D3D29B /* PBXContainerItemProxy */;
		};
/* End PBXTargetDependency section */

/* Begin PBXVariantGroup section */
		0172C1FF277E377400D3D29B /* LaunchScreen.storyboard */ = {
			isa = PBXVariantGroup;
			children = (
				0172C200277E377400D3D29B /* Base */,
			);
			name = LaunchScreen.storyboard;
			sourceTree = "<group>";
		};
/* End PBXVariantGroup section */

/* Begin XCBuildConfiguration section */
		0172C219277E377400D3D29B /* Debug */ = {
			isa = XCBuildConfiguration;
			buildSettings = {
				ALWAYS_SEARCH_USER_PATHS = NO;
				CLANG_ANALYZER_NONNULL = YES;
				CLANG_ANALYZER_NUMBER_OBJECT_CONVERSION = YES_AGGRESSIVE;
				CLANG_CXX_LANGUAGE_STANDARD = "gnu++14";
				CLANG_CXX_LIBRARY = "libc++";
				CLANG_ENABLE_MODULES = YES;
				CLANG_ENABLE_OBJC_ARC = YES;
				CLANG_ENABLE_OBJC_WEAK = YES;
				CLANG_WARN_BLOCK_CAPTURE_AUTORELEASING = YES;
				CLANG_WARN_BOOL_CONVERSION = YES;
				CLANG_WARN_COMMA = YES;
				CLANG_WARN_CONSTANT_CONVERSION = YES;
				CLANG_WARN_DEPRECATED_OBJC_IMPLEMENTATIONS = YES;
				CLANG_WARN_DIRECT_OBJC_ISA_USAGE = YES_ERROR;
				CLANG_WARN_DOCUMENTATION_COMMENTS = YES;
				CLANG_WARN_EMPTY_BODY = YES;
				CLANG_WARN_ENUM_CONVERSION = YES;
				CLANG_WARN_INFINITE_RECURSION = YES;
				CLANG_WARN_INT_CONVERSION = YES;
				CLANG_WARN_NON_LITERAL_NULL_CONVERSION = YES;
				CLANG_WARN_OBJC_IMPLICIT_RETAIN_SELF = YES;
				CLANG_WARN_OBJC_LITERAL_CONVERSION = YES;
				CLANG_WARN_OBJC_ROOT_CLASS = YES_ERROR;
				CLANG_WARN_QUOTED_INCLUDE_IN_FRAMEWORK_HEADER = YES;
				CLANG_WARN_RANGE_LOOP_ANALYSIS = YES;
				CLANG_WARN_STRICT_PROTOTYPES = YES;
				CLANG_WARN_SUSPICIOUS_MOVE = YES;
				CLANG_WARN_UNGUARDED_AVAILABILITY = YES_AGGRESSIVE;
				CLANG_WARN_UNREACHABLE_CODE = YES;
				CLANG_WARN__DUPLICATE_METHOD_MATCH = YES;
				COPY_PHASE_STRIP = NO;
				DEBUG_INFORMATION_FORMAT = dwarf;
				ENABLE_STRICT_OBJC_MSGSEND = YES;
				ENABLE_TESTABILITY = YES;
				GCC_C_LANGUAGE_STANDARD = gnu11;
				GCC_DYNAMIC_NO_PIC = NO;
				GCC_NO_COMMON_BLOCKS = YES;
				GCC_OPTIMIZATION_LEVEL = 0;
				GCC_PREPROCESSOR_DEFINITIONS = (
					"DEBUG=1",
					"$(inherited)",
				);
				GCC_WARN_64_TO_32_BIT_CONVERSION = YES;
				GCC_WARN_ABOUT_RETURN_TYPE = YES_ERROR;
				GCC_WARN_UNDECLARED_SELECTOR = YES;
				GCC_WARN_UNINITIALIZED_AUTOS = YES_AGGRESSIVE;
				GCC_WARN_UNUSED_FUNCTION = YES;
				GCC_WARN_UNUSED_VARIABLE = YES;
				IPHONEOS_DEPLOYMENT_TARGET = 14.5;
				MTL_ENABLE_DEBUG_INFO = INCLUDE_SOURCE;
				MTL_FAST_MATH = YES;
				ONLY_ACTIVE_ARCH = YES;
				SDKROOT = iphoneos;
				SWIFT_ACTIVE_COMPILATION_CONDITIONS = DEBUG;
				SWIFT_OPTIMIZATION_LEVEL = "-Onone";
			};
			name = Debug;
		};
		0172C21A277E377400D3D29B /* Release */ = {
			isa = XCBuildConfiguration;
			buildSettings = {
				ALWAYS_SEARCH_USER_PATHS = NO;
				CLANG_ANALYZER_NONNULL = YES;
				CLANG_ANALYZER_NUMBER_OBJECT_CONVERSION = YES_AGGRESSIVE;
				CLANG_CXX_LANGUAGE_STANDARD = "gnu++14";
				CLANG_CXX_LIBRARY = "libc++";
				CLANG_ENABLE_MODULES = YES;
				CLANG_ENABLE_OBJC_ARC = YES;
				CLANG_ENABLE_OBJC_WEAK = YES;
				CLANG_WARN_BLOCK_CAPTURE_AUTORELEASING = YES;
				CLANG_WARN_BOOL_CONVERSION = YES;
				CLANG_WARN_COMMA = YES;
				CLANG_WARN_CONSTANT_CONVERSION = YES;
				CLANG_WARN_DEPRECATED_OBJC_IMPLEMENTATIONS = YES;
				CLANG_WARN_DIRECT_OBJC_ISA_USAGE = YES_ERROR;
				CLANG_WARN_DOCUMENTATION_COMMENTS = YES;
				CLANG_WARN_EMPTY_BODY = YES;
				CLANG_WARN_ENUM_CONVERSION = YES;
				CLANG_WARN_INFINITE_RECURSION = YES;
				CLANG_WARN_INT_CONVERSION = YES;
				CLANG_WARN_NON_LITERAL_NULL_CONVERSION = YES;
				CLANG_WARN_OBJC_IMPLICIT_RETAIN_SELF = YES;
				CLANG_WARN_OBJC_LITERAL_CONVERSION = YES;
				CLANG_WARN_OBJC_ROOT_CLASS = YES_ERROR;
				CLANG_WARN_QUOTED_INCLUDE_IN_FRAMEWORK_HEADER = YES;
				CLANG_WARN_RANGE_LOOP_ANALYSIS = YES;
				CLANG_WARN_STRICT_PROTOTYPES = YES;
				CLANG_WARN_SUSPICIOUS_MOVE = YES;
				CLANG_WARN_UNGUARDED_AVAILABILITY = YES_AGGRESSIVE;
				CLANG_WARN_UNREACHABLE_CODE = YES;
				CLANG_WARN__DUPLICATE_METHOD_MATCH = YES;
				COPY_PHASE_STRIP = NO;
				DEBUG_INFORMATION_FORMAT = "dwarf-with-dsym";
				ENABLE_NS_ASSERTIONS = NO;
				ENABLE_STRICT_OBJC_MSGSEND = YES;
				GCC_C_LANGUAGE_STANDARD = gnu11;
				GCC_NO_COMMON_BLOCKS = YES;
				GCC_WARN_64_TO_32_BIT_CONVERSION = YES;
				GCC_WARN_ABOUT_RETURN_TYPE = YES_ERROR;
				GCC_WARN_UNDECLARED_SELECTOR = YES;
				GCC_WARN_UNINITIALIZED_AUTOS = YES_AGGRESSIVE;
				GCC_WARN_UNUSED_FUNCTION = YES;
				GCC_WARN_UNUSED_VARIABLE = YES;
				IPHONEOS_DEPLOYMENT_TARGET = 14.5;
				MTL_ENABLE_DEBUG_INFO = NO;
				MTL_FAST_MATH = YES;
				SDKROOT = iphoneos;
				SWIFT_COMPILATION_MODE = wholemodule;
				SWIFT_OPTIMIZATION_LEVEL = "-O";
				VALIDATE_PRODUCT = YES;
			};
			name = Release;
		};
		0172C21C277E377400D3D29B /* Debug */ = {
			isa = XCBuildConfiguration;
			buildSettings = {
				API_KEY = "519005cf-2424-4b81-ba27-b94301a62346";
				ASSETCATALOG_COMPILER_APPICON_NAME = AppIcon;
				ASSETCATALOG_COMPILER_GLOBAL_ACCENT_COLOR_NAME = AccentColor;
				BASE_URL = "https://api.thedogapi.com/v1";
				CODE_SIGN_STYLE = Automatic;
				DEVELOPMENT_TEAM = S34WA7GG8R;
				INFOPLIST_FILE = DogsChallenge/Resources/Info.plist;
				LD_RUNPATH_SEARCH_PATHS = (
					"$(inherited)",
					"@executable_path/Frameworks",
				);
				PRODUCT_BUNDLE_IDENTIFIER = com.jonatha.lima.DogsChallenge;
				PRODUCT_NAME = "$(TARGET_NAME)";
				SWIFT_VERSION = 5.0;
				TARGETED_DEVICE_FAMILY = "1,2";
			};
			name = Debug;
		};
		0172C21D277E377400D3D29B /* Release */ = {
			isa = XCBuildConfiguration;
			buildSettings = {
				API_KEY = "519005cf-2424-4b81-ba27-b94301a62346";
				ASSETCATALOG_COMPILER_APPICON_NAME = AppIcon;
				ASSETCATALOG_COMPILER_GLOBAL_ACCENT_COLOR_NAME = AccentColor;
				BASE_URL = "https://api.thedogapi.com/v1";
				CODE_SIGN_STYLE = Automatic;
				DEVELOPMENT_TEAM = S34WA7GG8R;
				INFOPLIST_FILE = DogsChallenge/Resources/Info.plist;
				LD_RUNPATH_SEARCH_PATHS = (
					"$(inherited)",
					"@executable_path/Frameworks",
				);
				PRODUCT_BUNDLE_IDENTIFIER = com.jonatha.lima.DogsChallenge;
				PRODUCT_NAME = "$(TARGET_NAME)";
				SWIFT_VERSION = 5.0;
				TARGETED_DEVICE_FAMILY = "1,2";
			};
			name = Release;
		};
		0172C21F277E377400D3D29B /* Debug */ = {
			isa = XCBuildConfiguration;
			buildSettings = {
				ALWAYS_EMBED_SWIFT_STANDARD_LIBRARIES = YES;
				BUNDLE_LOADER = "$(TEST_HOST)";
				CODE_SIGN_STYLE = Automatic;
				DEVELOPMENT_TEAM = S34WA7GG8R;
				INFOPLIST_FILE = DogsChallengeTests/Info.plist;
				IPHONEOS_DEPLOYMENT_TARGET = 14.5;
				LD_RUNPATH_SEARCH_PATHS = (
					"$(inherited)",
					"@executable_path/Frameworks",
					"@loader_path/Frameworks",
				);
				PRODUCT_BUNDLE_IDENTIFIER = com.jonatha.lima.DogsChallengeTests;
				PRODUCT_NAME = "$(TARGET_NAME)";
				SWIFT_VERSION = 5.0;
				TARGETED_DEVICE_FAMILY = "1,2";
				TEST_HOST = "$(BUILT_PRODUCTS_DIR)/DogsChallenge.app/DogsChallenge";
			};
			name = Debug;
		};
		0172C220277E377400D3D29B /* Release */ = {
			isa = XCBuildConfiguration;
			buildSettings = {
				ALWAYS_EMBED_SWIFT_STANDARD_LIBRARIES = YES;
				BUNDLE_LOADER = "$(TEST_HOST)";
				CODE_SIGN_STYLE = Automatic;
				DEVELOPMENT_TEAM = S34WA7GG8R;
				INFOPLIST_FILE = DogsChallengeTests/Info.plist;
				IPHONEOS_DEPLOYMENT_TARGET = 14.5;
				LD_RUNPATH_SEARCH_PATHS = (
					"$(inherited)",
					"@executable_path/Frameworks",
					"@loader_path/Frameworks",
				);
				PRODUCT_BUNDLE_IDENTIFIER = com.jonatha.lima.DogsChallengeTests;
				PRODUCT_NAME = "$(TARGET_NAME)";
				SWIFT_VERSION = 5.0;
				TARGETED_DEVICE_FAMILY = "1,2";
				TEST_HOST = "$(BUILT_PRODUCTS_DIR)/DogsChallenge.app/DogsChallenge";
			};
			name = Release;
		};
		0172C222277E377400D3D29B /* Debug */ = {
			isa = XCBuildConfiguration;
			buildSettings = {
				ALWAYS_EMBED_SWIFT_STANDARD_LIBRARIES = YES;
				CODE_SIGN_STYLE = Automatic;
				DEVELOPMENT_TEAM = S34WA7GG8R;
				INFOPLIST_FILE = DogsChallengeUITests/Info.plist;
				LD_RUNPATH_SEARCH_PATHS = (
					"$(inherited)",
					"@executable_path/Frameworks",
					"@loader_path/Frameworks",
				);
				PRODUCT_BUNDLE_IDENTIFIER = com.jonatha.lima.DogsChallengeUITests;
				PRODUCT_NAME = "$(TARGET_NAME)";
				SWIFT_VERSION = 5.0;
				TARGETED_DEVICE_FAMILY = "1,2";
				TEST_TARGET_NAME = DogsChallenge;
			};
			name = Debug;
		};
		0172C223277E377400D3D29B /* Release */ = {
			isa = XCBuildConfiguration;
			buildSettings = {
				ALWAYS_EMBED_SWIFT_STANDARD_LIBRARIES = YES;
				CODE_SIGN_STYLE = Automatic;
				DEVELOPMENT_TEAM = S34WA7GG8R;
				INFOPLIST_FILE = DogsChallengeUITests/Info.plist;
				LD_RUNPATH_SEARCH_PATHS = (
					"$(inherited)",
					"@executable_path/Frameworks",
					"@loader_path/Frameworks",
				);
				PRODUCT_BUNDLE_IDENTIFIER = com.jonatha.lima.DogsChallengeUITests;
				PRODUCT_NAME = "$(TARGET_NAME)";
				SWIFT_VERSION = 5.0;
				TARGETED_DEVICE_FAMILY = "1,2";
				TEST_TARGET_NAME = DogsChallenge;
			};
			name = Release;
		};
/* End XCBuildConfiguration section */

/* Begin XCConfigurationList section */
		0172C1EC277E377300D3D29B /* Build configuration list for PBXProject "DogsChallenge" */ = {
			isa = XCConfigurationList;
			buildConfigurations = (
				0172C219277E377400D3D29B /* Debug */,
				0172C21A277E377400D3D29B /* Release */,
			);
			defaultConfigurationIsVisible = 0;
			defaultConfigurationName = Release;
		};
		0172C21B277E377400D3D29B /* Build configuration list for PBXNativeTarget "DogsChallenge" */ = {
			isa = XCConfigurationList;
			buildConfigurations = (
				0172C21C277E377400D3D29B /* Debug */,
				0172C21D277E377400D3D29B /* Release */,
			);
			defaultConfigurationIsVisible = 0;
			defaultConfigurationName = Release;
		};
		0172C21E277E377400D3D29B /* Build configuration list for PBXNativeTarget "DogsChallengeTests" */ = {
			isa = XCConfigurationList;
			buildConfigurations = (
				0172C21F277E377400D3D29B /* Debug */,
				0172C220277E377400D3D29B /* Release */,
			);
			defaultConfigurationIsVisible = 0;
			defaultConfigurationName = Release;
		};
		0172C221277E377400D3D29B /* Build configuration list for PBXNativeTarget "DogsChallengeUITests" */ = {
			isa = XCConfigurationList;
			buildConfigurations = (
				0172C222277E377400D3D29B /* Debug */,
				0172C223277E377400D3D29B /* Release */,
			);
			defaultConfigurationIsVisible = 0;
			defaultConfigurationName = Release;
		};
/* End XCConfigurationList section */

/* Begin XCRemoteSwiftPackageReference section */
		0172C224277E37D200D3D29B /* XCRemoteSwiftPackageReference "Alamofire" */ = {
			isa = XCRemoteSwiftPackageReference;
			repositoryURL = "https://github.com/Alamofire/Alamofire.git";
			requirement = {
				kind = upToNextMajorVersion;
				minimumVersion = 5.4.3;
			};
		};
/* End XCRemoteSwiftPackageReference section */

/* Begin XCSwiftPackageProductDependency section */
		0172C225277E37D200D3D29B /* Alamofire */ = {
			isa = XCSwiftPackageProductDependency;
			package = 0172C224277E37D200D3D29B /* XCRemoteSwiftPackageReference "Alamofire" */;
			productName = Alamofire;
		};
/* End XCSwiftPackageProductDependency section */
	};
	rootObject = 0172C1E9277E377300D3D29B /* Project object */;
}
